{
  "name": "front",
  "lockfileVersion": 2,
  "requires": true,
  "packages": {
    "": {
      "dependencies": {
        "childprocess": "^2.0.2",
        "fs": "^0.0.1-security"
      }
    },
    "node_modules/childprocess": {
      "version": "2.0.2",
      "resolved": "https://registry.npmjs.org/childprocess/-/childprocess-2.0.2.tgz",
      "integrity": "sha1-PWhJKXSLHhPoUhz2Gb3lRA3oXrQ=",
      "dependencies": {
        "utility": "~1.6.0"
      },
      "engines": {
        "node": ">=0.12.0"
      }
    },
    "node_modules/copy-to": {
      "version": "2.0.1",
      "resolved": "https://registry.npmjs.org/copy-to/-/copy-to-2.0.1.tgz",
      "integrity": "sha1-JoD7uAaKSNCGVrYJgJK9r8kG9KU="
    },
    "node_modules/escape-html": {
      "version": "1.0.3",
      "resolved": "https://registry.npmjs.org/escape-html/-/escape-html-1.0.3.tgz",
      "integrity": "sha1-Aljq5NPQwJdN4cFpGI7wBR0dGYg="
    },
    "node_modules/fs": {
      "version": "0.0.1-security",
      "resolved": "https://registry.npmjs.org/fs/-/fs-0.0.1-security.tgz",
      "integrity": "sha1-invTcYa23d84E/I4WLV+yq9eQdQ="
    },
    "node_modules/utility": {
      "version": "1.6.0",
      "resolved": "https://registry.npmjs.org/utility/-/utility-1.6.0.tgz",
      "integrity": "sha1-5b+2p4Opw5K5/nD+RcZ/wkQFx+k=",
      "dependencies": {
        "copy-to": "~2.0.1",
        "escape-html": "~1.0.3"
      },
      "engines": {
        "node": ">= 0.10.0"
      }
    }
  },
  "dependencies": {
    "childprocess": {
      "version": "2.0.2",
      "resolved": "https://registry.npmjs.org/childprocess/-/childprocess-2.0.2.tgz",
      "integrity": "sha1-PWhJKXSLHhPoUhz2Gb3lRA3oXrQ=",
      "requires": {
        "utility": "~1.6.0"
      }
    },
    "copy-to": {
      "version": "2.0.1",
      "resolved": "https://registry.npmjs.org/copy-to/-/copy-to-2.0.1.tgz",
      "integrity": "sha1-JoD7uAaKSNCGVrYJgJK9r8kG9KU="
    },
    "escape-html": {
      "version": "1.0.3",
      "resolved": "https://registry.npmjs.org/escape-html/-/escape-html-1.0.3.tgz",
      "integrity": "sha1-Aljq5NPQwJdN4cFpGI7wBR0dGYg="
    },
    "fs": {
      "version": "0.0.1-security",
      "resolved": "https://registry.npmjs.org/fs/-/fs-0.0.1-security.tgz",
      "integrity": "sha1-invTcYa23d84E/I4WLV+yq9eQdQ="
    },
    "utility": {
      "version": "1.6.0",
      "resolved": "https://registry.npmjs.org/utility/-/utility-1.6.0.tgz",
      "integrity": "sha1-5b+2p4Opw5K5/nD+RcZ/wkQFx+k=",
      "requires": {
        "copy-to": "~2.0.1",
        "escape-html": "~1.0.3"
      }
    }
  }
}
